
Microsoft Visual Studio Solution File, Format Version 12.00
# Visual Studio 15
VisualStudioVersion = 15.0.28307.168
MinimumVisualStudioVersion = 10.0.40219.1
Project("{FAE04EC0-301F-11D3-BF4B-00C04F79EFBC}") = "DCP-351", "DCP-351\DCP-351.csproj", "{FB5A2AF3-85EF-406E-97D3-DD729C60F28C}"
EndProject
Global
	GlobalSection(SolutionConfigurationPlatforms) = preSolution
		Debug|Any CPU = Debug|Any CPU
		Release|Any CPU = Release|Any CPU
	EndGlobalSection
	GlobalSection(ProjectConfigurationPlatforms) = postSolution
		{FB5A2AF3-85EF-406E-97D3-DD729C60F28C}.Debug|Any CPU.ActiveCfg = Debug|Any CPU
		{FB5A2AF3-85EF-406E-97D3-DD729C60F28C}.Debug|Any CPU.Build.0 = Debug|Any CPU
		{FB5A2AF3-85EF-406E-97D3-DD729C60F28C}.Release|Any CPU.ActiveCfg = Release|Any CPU
		{FB5A2AF3-85EF-406E-97D3-DD729C60F28C}.Release|Any CPU.Build.0 = Release|Any CPU
	EndGlobalSection
	GlobalSection(SolutionProperties) = preSolution
		HideSolutionNode = FALSE
	EndGlobalSection
	GlobalSection(ExtensibilityGlobals) = postSolution
		SolutionGuid = {D719BE19-B33A-49BF-B6AE-ADBAB61092A6}
	EndGlobalSection
EndGlobal
